{
  "name": "Flex-o-Simples",
  "lockfileVersion": 3,
  "requires": true,
  "packages": {
    "": {
      "dependencies": {
        "@tamng0905/builder-essential-skills": "^0.3.1"
      }
    },
    "node_modules/@tamng0905/builder-essential-skills": {
      "version": "0.3.1",
      "resolved": "https://registry.npmjs.org/@tamng0905/builder-essential-skills/-/builder-essential-skills-0.3.1.tgz",
      "integrity": "sha512-Px+ckDDDvQ+OXLy95ZPXxerIaJ5QzxzNyPUB3d4bJJb5gzCTg2lyaeQlicaBGl4PMD1aSgoQ+xudhDm+9B0DOQ==",
      "license": "MIT",
      "bin": {
        "builder-essential-skills": "bin/builder-essential-skills.js"
      },
      "engines": {
        "node": ">=18"
      }
    }
  }
}
